# This file is autogenerated, do not edit; changes may be undone by the next 'dep ensure'.


[[projects]]
  digest = "1:2cd7915ab26ede7d95b8749e6b1f933f1c6d5398030684e6505940a10f31cfda"
  name = "github.com/ghodss/yaml"
  packages = ["."]
  pruneopts = "UT"
  revision = "0ca9ea5df5451ffdf184b4428c902747c2c11cd7"
  version = "v1.0.0"

[[projects]]
  digest = "1:870d441fe217b8e689d7949fef6e43efbc787e50f200cb1e70dbca9204a1d6be"
  name = "github.com/inconshreveable/mousetrap"
  packages = ["."]
  pruneopts = "UT"
  revision = "76626ae9c91c4f2a10f34cad8ce83ea42c93bb75"
  version = "v1.0"

[[projects]]
  digest = "1:075fe2b22b9fcec90cecd98546c2096d73a3ab9458261f5647512fba3e0420eb"
  name = "github.com/kr/pty"
  packages = ["."]
  pruneopts = "UT"
  revision = "2c10821df3c3cf905230d078702dfbe9404c9b23"
  version = "v1.0.0"

[[projects]]
  digest = "1:159d8a990f45d4891f1f04cb6ad7eb18b307cd02d783f7d37fa7a3b93912b172"
  name = "github.com/opencontainers/go-digest"
  packages = ["."]
  pruneopts = "UT"
  revision = "aa2ec055abd10d26d539eb630a92241b781ce4bc"
  version = "v1.0.0-rc0"

[[projects]]
  digest = "1:b97c7c048aaf7384b250336357259dc9a7a34e2f8af08d7ee55c2255ec0937cd"
  name = "github.com/opencontainers/image-spec"
  packages = [
    "specs-go",
    "specs-go/v1",
  ]
  pruneopts = "UT"
  revision = "ab7389ef9f50030c9b245bc16b981c7ddf192882"
  version = "v1.0.0"

[[projects]]
  digest = "1:8eca1a18640cf3c015df3721cf4eaf9b470df7d50d2cc52e17065fddb3a4e8e7"
  name = "github.com/sirupsen/logrus"
  packages = ["."]
  pruneopts = "UT"
  revision = "4b6ea7319e214d98c938f12692336f7ca9348d6b"
  version = "v0.10.0"

[[projects]]
  digest = "1:7a8378ec92b2735b61f2ebd5a8c6cebefd5bb56f9f9307f7ddc080684f47356e"
  name = "github.com/spf13/cobra"
  packages = ["."]
  pruneopts = "UT"
  revision = "7aeaa2cce6ae7e18d2a6ee597b60ee137e999bd9"

[[projects]]
  digest = "1:5ac4d474296e3d6a5f0551050e9c65a56e791fe192f239543fd787dd635f519e"
  name = "github.com/spf13/pflag"
  packages = ["."]
  pruneopts = "UT"
  revision = "d16db1e50e33dff1b6cdf37596cef36742128670"

[[projects]]
  digest = "1:7ffe22a0d91a8f47280bb7d72754f4d158f049aac8477612120bbd53ea8f2d98"
  name = "golang.org/x/sys"
  packages = ["unix"]
  pruneopts = "UT"
  revision = "493114f68206f85e7e333beccfabc11e98cba8dd"

[[projects]]
  digest = "1:a795b576298faaa0453e4e3ab67420c70e524f9e365ed8fd30fd504eca807aff"
  name = "gopkg.in/yaml.v2"
  packages = ["."]
  pruneopts = "UT"
  revision = "a3f3340b5840cee44f372bddb5880fcbc419b46a"

[solve-meta]
  analyzer-name = "dep"
  analyzer-version = 1
  input-imports = [
    "github.com/ghodss/yaml",
    "github.com/kr/pty",
    "github.com/opencontainers/go-digest",
    "github.com/opencontainers/image-spec/specs-go/v1",
    "github.com/sirupsen/logrus",
    "github.com/spf13/cobra",
  ]
  solver-name = "gps-cdcl"
  solver-version = 1
